
Microsoft Visual Studio Solution File, Format Version 12.00
# Visual Studio Version 17
VisualStudioVersion = 17.5.002.0
MinimumVisualStudioVersion = 10.0.40219.1
Project("{9A19103F-16F7-4668-BE54-9A1E7A4F7556}") = "ChasChallenge-G4-V3.Server", "ChasChallenge-G4-V3.Server.csproj", "{D98AC86D-52B4-471C-AE47-AE1CB3A542BC}"
EndProject
Project("{9A19103F-16F7-4668-BE54-9A1E7A4F7556}") = "ChasChallenge-G4-V3-ServerTests", "..\ChasChallenge-G4-V3-ServerTests\ChasChallenge-G4-V3-ServerTests.csproj", "{A2C0DE4A-188F-4A6D-BBFA-990BA788203F}"
EndProject
Global
	GlobalSection(SolutionConfigurationPlatforms) = preSolution
		Debug|Any CPU = Debug|Any CPU
		Release|Any CPU = Release|Any CPU
	EndGlobalSection
	GlobalSection(ProjectConfigurationPlatforms) = postSolution
		{D98AC86D-52B4-471C-AE47-AE1CB3A542BC}.Debug|Any CPU.ActiveCfg = Debug|Any CPU
		{D98AC86D-52B4-471C-AE47-AE1CB3A542BC}.Debug|Any CPU.Build.0 = Debug|Any CPU
		{D98AC86D-52B4-471C-AE47-AE1CB3A542BC}.Release|Any CPU.ActiveCfg = Release|Any CPU
		{D98AC86D-52B4-471C-AE47-AE1CB3A542BC}.Release|Any CPU.Build.0 = Release|Any CPU
		{A2C0DE4A-188F-4A6D-BBFA-990BA788203F}.Debug|Any CPU.ActiveCfg = Debug|Any CPU
		{A2C0DE4A-188F-4A6D-BBFA-990BA788203F}.Debug|Any CPU.Build.0 = Debug|Any CPU
		{A2C0DE4A-188F-4A6D-BBFA-990BA788203F}.Release|Any CPU.ActiveCfg = Release|Any CPU
		{A2C0DE4A-188F-4A6D-BBFA-990BA788203F}.Release|Any CPU.Build.0 = Release|Any CPU
	EndGlobalSection
	GlobalSection(SolutionProperties) = preSolution
		HideSolutionNode = FALSE
	EndGlobalSection
	GlobalSection(ExtensibilityGlobals) = postSolution
		SolutionGuid = {3882EB00-65B1-4D4B-BF47-4C6C9E139BE6}
	EndGlobalSection
EndGlobal
